// !$*UTF8*$!
{
	archiveVersion = 1;
	classes = {
	};
	objectVersion = 55;
	objects = {

/* Begin PBXBuildFile section */
		4BA8EBB828B96F8000249366 /* AppDelegate.swift in Sources */ = {isa = PBXBuildFile; fileRef = 4BA8EBB728B96F8000249366 /* AppDelegate.swift */; };
		4BA8EBBA28B96F8000249366 /* SceneDelegate.swift in Sources */ = {isa = PBXBuildFile; fileRef = 4BA8EBB928B96F8000249366 /* SceneDelegate.swift */; };
		4BA8EBBC28B96F8000249366 /* ViewController.swift in Sources */ = {isa = PBXBuildFile; fileRef = 4BA8EBBB28B96F8000249366 /* ViewController.swift */; };
		4BA8EBBF28B96F8000249366 /* Main.storyboard in Resources */ = {isa = PBXBuildFile; fileRef = 4BA8EBBD28B96F8000249366 /* Main.storyboard */; };
		4BA8EBC128B96F8300249366 /* Assets.xcassets in Resources */ = {isa = PBXBuildFile; fileRef = 4BA8EBC028B96F8300249366 /* Assets.xcassets */; };
		4BA8EBC428B96F8300249366 /* LaunchScreen.storyboard in Resources */ = {isa = PBXBuildFile; fileRef = 4BA8EBC228B96F8300249366 /* LaunchScreen.storyboard */; };
		4BA8EBCF28B96F8400249366 /* Angelo_Alies_Unit_0Tests.swift in Sources */ = {isa = PBXBuildFile; fileRef = 4BA8EBCE28B96F8400249366 /* Angelo_Alies_Unit_0Tests.swift */; };
		4BA8EBD928B96F8400249366 /* Angelo_Alies_Unit_0UITests.swift in Sources */ = {isa = PBXBuildFile; fileRef = 4BA8EBD828B96F8400249366 /* Angelo_Alies_Unit_0UITests.swift */; };
		4BA8EBDB28B96F8400249366 /* Angelo_Alies_Unit_0UITestsLaunchTests.swift in Sources */ = {isa = PBXBuildFile; fileRef = 4BA8EBDA28B96F8400249366 /* Angelo_Alies_Unit_0UITestsLaunchTests.swift */; };
/* End PBXBuildFile section */

/* Begin PBXContainerItemProxy section */
		4BA8EBCB28B96F8400249366 /* PBXContainerItemProxy */ = {
			isa = PBXContainerItemProxy;
			containerPortal = 4BA8EBAC28B96F8000249366 /* Project object */;
			proxyType = 1;
			remoteGlobalIDString = 4BA8EBB328B96F8000249366;
			remoteInfo = "Angelo-Alies-Unit-0";
		};
		4BA8EBD528B96F8400249366 /* PBXContainerItemProxy */ = {
			isa = PBXContainerItemProxy;
			containerPortal = 4BA8EBAC28B96F8000249366 /* Project object */;
			proxyType = 1;
			remoteGlobalIDString = 4BA8EBB328B96F8000249366;
			remoteInfo = "Angelo-Alies-Unit-0";
		};
/* End PBXContainerItemProxy section */

/* Begin PBXFileReference section */
		4BA8EBB428B96F8000249366 /* Angelo-Alies-Unit-0.app */ = {isa = PBXFileReference; explicitFileType = wrapper.application; includeInIndex = 0; path = "Angelo-Alies-Unit-0.app"; sourceTree = BUILT_PRODUCTS_DIR; };
		4BA8EBB728B96F8000249366 /* AppDelegate.swift */ = {isa = PBXFileReference; lastKnownFileType = sourcecode.swift; path = AppDelegate.swift; sourceTree = "<group>"; };
		4BA8EBB928B96F8000249366 /* SceneDelegate.swift */ = {isa = PBXFileReference; lastKnownFileType = sourcecode.swift; path = SceneDelegate.swift; sourceTree = "<group>"; };
		4BA8EBBB28B96F8000249366 /* ViewController.swift */ = {isa = PBXFileReference; lastKnownFileType = sourcecode.swift; path = ViewController.swift; sourceTree = "<group>"; };
		4BA8EBBE28B96F8000249366 /* Base */ = {isa = PBXFileReference; lastKnownFileType = file.storyboard; name = Base; path = Base.lproj/Main.storyboard; sourceTree = "<group>"; };
		4BA8EBC028B96F8300249366 /* Assets.xcassets */ = {isa = PBXFileReference; lastKnownFileType = folder.assetcatalog; path = Assets.xcassets; sourceTree = "<group>"; };
		4BA8EBC328B96F8300249366 /* Base */ = {isa = PBXFileReference; lastKnownFileType = file.storyboard; name = Base; path = Base.lproj/LaunchScreen.storyboard; sourceTree = "<group>"; };
		4BA8EBC528B96F8300249366 /* Info.plist */ = {isa = PBXFileReference; lastKnownFileType = text.plist.xml; path = Info.plist; sourceTree = "<group>"; };
		4BA8EBCA28B96F8400249366 /* Angelo-Alies-Unit-0Tests.xctest */ = {isa = PBXFileReference; explicitFileType = wrapper.cfbundle; includeInIndex = 0; path = "Angelo-Alies-Unit-0Tests.xctest"; sourceTree = BUILT_PRODUCTS_DIR; };
		4BA8EBCE28B96F8400249366 /* Angelo_Alies_Unit_0Tests.swift */ = {isa = PBXFileReference; lastKnownFileType = sourcecode.swift; path = Angelo_Alies_Unit_0Tests.swift; sourceTree = "<group>"; };
		4BA8EBD428B96F8400249366 /* Angelo-Alies-Unit-0UITests.xctest */ = {isa = PBXFileReference; explicitFileType = wrapper.cfbundle; includeInIndex = 0; path = "Angelo-Alies-Unit-0UITests.xctest"; sourceTree = BUILT_PRODUCTS_DIR; };
		4BA8EBD828B96F8400249366 /* Angelo_Alies_Unit_0UITests.swift */ = {isa = PBXFileReference; lastKnownFileType = sourcecode.swift; path = Angelo_Alies_Unit_0UITests.swift; sourceTree = "<group>"; };
		4BA8EBDA28B96F8400249366 /* Angelo_Alies_Unit_0UITestsLaunchTests.swift */ = {isa = PBXFileReference; lastKnownFileType = sourcecode.swift; path = Angelo_Alies_Unit_0UITestsLaunchTests.swift; sourceTree = "<group>"; };
/* End PBXFileReference section */

/* Begin PBXFrameworksBuildPhase section */
		4BA8EBB128B96F8000249366 /* Frameworks */ = {
			isa = PBXFrameworksBuildPhase;
			buildActionMask = 2147483647;
			files = (
			);
			runOnlyForDeploymentPostprocessing = 0;
		};
		4BA8EBC728B96F8400249366 /* Frameworks */ = {
			isa = PBXFrameworksBuildPhase;
			buildActionMask = 2147483647;
			files = (
			);
			runOnlyForDeploymentPostprocessing = 0;
		};
		4BA8EBD128B96F8400249366 /* Frameworks */ = {
			isa = PBXFrameworksBuildPhase;
			buildActionMask = 2147483647;
			files = (
			);
			runOnlyForDeploymentPostprocessing = 0;
		};
/* End PBXFrameworksBuildPhase section */

/* Begin PBXGroup section */
		4BA8EBAB28B96F8000249366 = {
			isa = PBXGroup;
			children = (
				4BA8EBB628B96F8000249366 /* Angelo-Alies-Unit-0 */,
				4BA8EBCD28B96F8400249366 /* Angelo-Alies-Unit-0Tests */,
				4BA8EBD728B96F8400249366 /* Angelo-Alies-Unit-0UITests */,
				4BA8EBB528B96F8000249366 /* Products */,
			);
			sourceTree = "<group>";
		};
		4BA8EBB528B96F8000249366 /* Products */ = {
			isa = PBXGroup;
			children = (
				4BA8EBB428B96F8000249366 /* Angelo-Alies-Unit-0.app */,
				4BA8EBCA28B96F8400249366 /* Angelo-Alies-Unit-0Tests.xctest */,
				4BA8EBD428B96F8400249366 /* Angelo-Alies-Unit-0UITests.xctest */,
			);
			name = Products;
			sourceTree = "<group>";
		};
		4BA8EBB628B96F8000249366 /* Angelo-Alies-Unit-0 */ = {
			isa = PBXGroup;
			children = (
				4BA8EBB728B96F8000249366 /* AppDelegate.swift */,
				4BA8EBB928B96F8000249366 /* SceneDelegate.swift */,
				4BA8EBBB28B96F8000249366 /* ViewController.swift */,
				4BA8EBBD28B96F8000249366 /* Main.storyboard */,
				4BA8EBC028B96F8300249366 /* Assets.xcassets */,
				4BA8EBC228B96F8300249366 /* LaunchScreen.storyboard */,
				4BA8EBC528B96F8300249366 /* Info.plist */,
			);
			path = "Angelo-Alies-Unit-0";
			sourceTree = "<group>";
		};
		4BA8EBCD28B96F8400249366 /* Angelo-Alies-Unit-0Tests */ = {
			isa = PBXGroup;
			children = (
				4BA8EBCE28B96F8400249366 /* Angelo_Alies_Unit_0Tests.swift */,
			);
			path = "Angelo-Alies-Unit-0Tests";
			sourceTree = "<group>";
		};
		4BA8EBD728B96F8400249366 /* Angelo-Alies-Unit-0UITests */ = {
			isa = PBXGroup;
			children = (
				4BA8EBD828B96F8400249366 /* Angelo_Alies_Unit_0UITests.swift */,
				4BA8EBDA28B96F8400249366 /* Angelo_Alies_Unit_0UITestsLaunchTests.swift */,
			);
			path = "Angelo-Alies-Unit-0UITests";
			sourceTree = "<group>";
		};
/* End PBXGroup section */

/* Begin PBXNativeTarget section */
		4BA8EBB328B96F8000249366 /* Angelo-Alies-Unit-0 */ = {
			isa = PBXNativeTarget;
			buildConfigurationList = 4BA8EBDE28B96F8400249366 /* Build configuration list for PBXNativeTarget "Angelo-Alies-Unit-0" */;
			buildPhases = (
				4BA8EBB028B96F8000249366 /* Sources */,
				4BA8EBB128B96F8000249366 /* Frameworks */,
				4BA8EBB228B96F8000249366 /* Resources */,
			);
			buildRules = (
			);
			dependencies = (
			);
			name = "Angelo-Alies-Unit-0";
			productName = "Angelo-Alies-Unit-0";
			productReference = 4BA8EBB428B96F8000249366 /* Angelo-Alies-Unit-0.app */;
			productType = "com.apple.product-type.application";
		};
		4BA8EBC928B96F8400249366 /* Angelo-Alies-Unit-0Tests */ = {
			isa = PBXNativeTarget;
			buildConfigurationList = 4BA8EBE128B96F8400249366 /* Build configuration list for PBXNativeTarget "Angelo-Alies-Unit-0Tests" */;
			buildPhases = (
				4BA8EBC628B96F8400249366 /* Sources */,
				4BA8EBC728B96F8400249366 /* Frameworks */,
				4BA8EBC828B96F8400249366 /* Resources */,
			);
			buildRules = (
			);
			dependencies = (
				4BA8EBCC28B96F8400249366 /* PBXTargetDependency */,
			);
			name = "Angelo-Alies-Unit-0Tests";
			productName = "Angelo-Alies-Unit-0Tests";
			productReference = 4BA8EBCA28B96F8400249366 /* Angelo-Alies-Unit-0Tests.xctest */;
			productType = "com.apple.product-type.bundle.unit-test";
		};
		4BA8EBD328B96F8400249366 /* Angelo-Alies-Unit-0UITests */ = {
			isa = PBXNativeTarget;
			buildConfigurationList = 4BA8EBE428B96F8400249366 /* Build configuration list for PBXNativeTarget "Angelo-Alies-Unit-0UITests" */;
			buildPhases = (
				4BA8EBD028B96F8400249366 /* Sources */,
				4BA8EBD128B96F8400249366 /* Frameworks */,
				4BA8EBD228B96F8400249366 /* Resources */,
			);
			buildRules = (
			);
			dependencies = (
				4BA8EBD628B96F8400249366 /* PBXTargetDependency */,
			);
			name = "Angelo-Alies-Unit-0UITests";
			productName = "Angelo-Alies-Unit-0UITests";
			productReference = 4BA8EBD428B96F8400249366 /* Angelo-Alies-Unit-0UITests.xctest */;
			productType = "com.apple.product-type.bundle.ui-testing";
		};
/* End PBXNativeTarget section */

/* Begin PBXProject section */
		4BA8EBAC28B96F8000249366 /* Project object */ = {
			isa = PBXProject;
			attributes = {
				BuildIndependentTargetsInParallel = 1;
				LastSwiftUpdateCheck = 1340;
				LastUpgradeCheck = 1340;
				TargetAttributes = {
					4BA8EBB328B96F8000249366 = {
						CreatedOnToolsVersion = 13.4.1;
					};
					4BA8EBC928B96F8400249366 = {
						CreatedOnToolsVersion = 13.4.1;
						TestTargetID = 4BA8EBB328B96F8000249366;
					};
					4BA8EBD328B96F8400249366 = {
						CreatedOnToolsVersion = 13.4.1;
						TestTargetID = 4BA8EBB328B96F8000249366;
					};
				};
			};
			buildConfigurationList = 4BA8EBAF28B96F8000249366 /* Build configuration list for PBXProject "Angelo-Alies-Unit-0" */;
			compatibilityVersion = "Xcode 13.0";
			developmentRegion = en;
			hasScannedForEncodings = 0;
			knownRegions = (
				en,
				Base,
			);
			mainGroup = 4BA8EBAB28B96F8000249366;
			productRefGroup = 4BA8EBB528B96F8000249366 /* Products */;
			projectDirPath = "";
			projectRoot = "";
			targets = (
				4BA8EBB328B96F8000249366 /* Angelo-Alies-Unit-0 */,
				4BA8EBC928B96F8400249366 /* Angelo-Alies-Unit-0Tests */,
				4BA8EBD328B96F8400249366 /* Angelo-Alies-Unit-0UITests */,
			);
		};
/* End PBXProject section */

/* Begin PBXResourcesBuildPhase section */
		4BA8EBB228B96F8000249366 /* Resources */ = {
			isa = PBXResourcesBuildPhase;
			buildActionMask = 2147483647;
			files = (
				4BA8EBC428B96F8300249366 /* LaunchScreen.storyboard in Resources */,
				4BA8EBC128B96F8300249366 /* Assets.xcassets in Resources */,
				4BA8EBBF28B96F8000249366 /* Main.storyboard in Resources */,
			);
			runOnlyForDeploymentPostprocessing = 0;
		};
		4BA8EBC828B96F8400249366 /* Resources */ = {
			isa = PBXResourcesBuildPhase;
			buildActionMask = 2147483647;
			files = (
			);
			runOnlyForDeploymentPostprocessing = 0;
		};
		4BA8EBD228B96F8400249366 /* Resources */ = {
			isa = PBXResourcesBuildPhase;
			buildActionMask = 2147483647;
			files = (
			);
			runOnlyForDeploymentPostprocessing = 0;
		};
/* End PBXResourcesBuildPhase section */

/* Begin PBXSourcesBuildPhase section */
		4BA8EBB028B96F8000249366 /* Sources */ = {
			isa = PBXSourcesBuildPhase;
			buildActionMask = 2147483647;
			files = (
				4BA8EBBC28B96F8000249366 /* ViewController.swift in Sources */,
				4BA8EBB828B96F8000249366 /* AppDelegate.swift in Sources */,
				4BA8EBBA28B96F8000249366 /* SceneDelegate.swift in Sources */,
			);
			runOnlyForDeploymentPostprocessing = 0;
		};
		4BA8EBC628B96F8400249366 /* Sources */ = {
			isa = PBXSourcesBuildPhase;
			buildActionMask = 2147483647;
			files = (
				4BA8EBCF28B96F8400249366 /* Angelo_Alies_Unit_0Tests.swift in Sources */,
			);
			runOnlyForDeploymentPostprocessing = 0;
		};
		4BA8EBD028B96F8400249366 /* Sources */ = {
			isa = PBXSourcesBuildPhase;
			buildActionMask = 2147483647;
			files = (
				4BA8EBDB28B96F8400249366 /* Angelo_Alies_Unit_0UITestsLaunchTests.swift in Sources */,
				4BA8EBD928B96F8400249366 /* Angelo_Alies_Unit_0UITests.swift in Sources */,
			);
			runOnlyForDeploymentPostprocessing = 0;
		};
/* End PBXSourcesBuildPhase section */

/* Begin PBXTargetDependency section */
		4BA8EBCC28B96F8400249366 /* PBXTargetDependency */ = {
			isa = PBXTargetDependency;
			target = 4BA8EBB328B96F8000249366 /* Angelo-Alies-Unit-0 */;
			targetProxy = 4BA8EBCB28B96F8400249366 /* PBXContainerItemProxy */;
		};
		4BA8EBD628B96F8400249366 /* PBXTargetDependency */ = {
			isa = PBXTargetDependency;
			target = 4BA8EBB328B96F8000249366 /* Angelo-Alies-Unit-0 */;
			targetProxy = 4BA8EBD528B96F8400249366 /* PBXContainerItemProxy */;
		};
/* End PBXTargetDependency section */

/* Begin PBXVariantGroup section */
		4BA8EBBD28B96F8000249366 /* Main.storyboard */ = {
			isa = PBXVariantGroup;
			children = (
				4BA8EBBE28B96F8000249366 /* Base */,
			);
			name = Main.storyboard;
			sourceTree = "<group>";
		};
		4BA8EBC228B96F8300249366 /* LaunchScreen.storyboard */ = {
			isa = PBXVariantGroup;
			children = (
				4BA8EBC328B96F8300249366 /* Base */,
			);
			name = LaunchScreen.storyboard;
			sourceTree = "<group>";
		};
/* End PBXVariantGroup section */

/* Begin XCBuildConfiguration section */
		4BA8EBDC28B96F8400249366 /* Debug */ = {
			isa = XCBuildConfiguration;
			buildSettings = {
				ALWAYS_SEARCH_USER_PATHS = NO;
				CLANG_ANALYZER_NONNULL = YES;
				CLANG_ANALYZER_NUMBER_OBJECT_CONVERSION = YES_AGGRESSIVE;
				CLANG_CXX_LANGUAGE_STANDARD = "gnu++17";
				CLANG_ENABLE_MODULES = YES;
				CLANG_ENABLE_OBJC_ARC = YES;
				CLANG_ENABLE_OBJC_WEAK = YES;
				CLANG_WARN_BLOCK_CAPTURE_AUTORELEASING = YES;
				CLANG_WARN_BOOL_CONVERSION = YES;
				CLANG_WARN_COMMA = YES;
				CLANG_WARN_CONSTANT_CONVERSION = YES;
				CLANG_WARN_DEPRECATED_OBJC_IMPLEMENTATIONS = YES;
				CLANG_WARN_DIRECT_OBJC_ISA_USAGE = YES_ERROR;
				CLANG_WARN_DOCUMENTATION_COMMENTS = YES;
				CLANG_WARN_EMPTY_BODY = YES;
				CLANG_WARN_ENUM_CONVERSION = YES;
				CLANG_WARN_INFINITE_RECURSION = YES;
				CLANG_WARN_INT_CONVERSION = YES;
				CLANG_WARN_NON_LITERAL_NULL_CONVERSION = YES;
				CLANG_WARN_OBJC_IMPLICIT_RETAIN_SELF = YES;
				CLANG_WARN_OBJC_LITERAL_CONVERSION = YES;
				CLANG_WARN_OBJC_ROOT_CLASS = YES_ERROR;
				CLANG_WARN_QUOTED_INCLUDE_IN_FRAMEWORK_HEADER = YES;
				CLANG_WARN_RANGE_LOOP_ANALYSIS = YES;
				CLANG_WARN_STRICT_PROTOTYPES = YES;
				CLANG_WARN_SUSPICIOUS_MOVE = YES;
				CLANG_WARN_UNGUARDED_AVAILABILITY = YES_AGGRESSIVE;
				CLANG_WARN_UNREACHABLE_CODE = YES;
				CLANG_WARN__DUPLICATE_METHOD_MATCH = YES;
				COPY_PHASE_STRIP = NO;
				DEBUG_INFORMATION_FORMAT = dwarf;
				ENABLE_STRICT_OBJC_MSGSEND = YES;
				ENABLE_TESTABILITY = YES;
				GCC_C_LANGUAGE_STANDARD = gnu11;
				GCC_DYNAMIC_NO_PIC = NO;
				GCC_NO_COMMON_BLOCKS = YES;
				GCC_OPTIMIZATION_LEVEL = 0;
				GCC_PREPROCESSOR_DEFINITIONS = (
					"DEBUG=1",
					"$(inherited)",
				);
				GCC_WARN_64_TO_32_BIT_CONVERSION = YES;
				GCC_WARN_ABOUT_RETURN_TYPE = YES_ERROR;
				GCC_WARN_UNDECLARED_SELECTOR = YES;
				GCC_WARN_UNINITIALIZED_AUTOS = YES_AGGRESSIVE;
				GCC_WARN_UNUSED_FUNCTION = YES;
				GCC_WARN_UNUSED_VARIABLE = YES;
				IPHONEOS_DEPLOYMENT_TARGET = 15.5;
				MTL_ENABLE_DEBUG_INFO = INCLUDE_SOURCE;
				MTL_FAST_MATH = YES;
				ONLY_ACTIVE_ARCH = YES;
				SDKROOT = iphoneos;
				SWIFT_ACTIVE_COMPILATION_CONDITIONS = DEBUG;
				SWIFT_OPTIMIZATION_LEVEL = "-Onone";
			};
			name = Debug;
		};
		4BA8EBDD28B96F8400249366 /* Release */ = {
			isa = XCBuildConfiguration;
			buildSettings = {
				ALWAYS_SEARCH_USER_PATHS = NO;
				CLANG_ANALYZER_NONNULL = YES;
				CLANG_ANALYZER_NUMBER_OBJECT_CONVERSION = YES_AGGRESSIVE;
				CLANG_CXX_LANGUAGE_STANDARD = "gnu++17";
				CLANG_ENABLE_MODULES = YES;
				CLANG_ENABLE_OBJC_ARC = YES;
				CLANG_ENABLE_OBJC_WEAK = YES;
				CLANG_WARN_BLOCK_CAPTURE_AUTORELEASING = YES;
				CLANG_WARN_BOOL_CONVERSION = YES;
				CLANG_WARN_COMMA = YES;
				CLANG_WARN_CONSTANT_CONVERSION = YES;
				CLANG_WARN_DEPRECATED_OBJC_IMPLEMENTATIONS = YES;
				CLANG_WARN_DIRECT_OBJC_ISA_USAGE = YES_ERROR;
				CLANG_WARN_DOCUMENTATION_COMMENTS = YES;
				CLANG_WARN_EMPTY_BODY = YES;
				CLANG_WARN_ENUM_CONVERSION = YES;
				CLANG_WARN_INFINITE_RECURSION = YES;
				CLANG_WARN_INT_CONVERSION = YES;
				CLANG_WARN_NON_LITERAL_NULL_CONVERSION = YES;
				CLANG_WARN_OBJC_IMPLICIT_RETAIN_SELF = YES;
				CLANG_WARN_OBJC_LITERAL_CONVERSION = YES;
				CLANG_WARN_OBJC_ROOT_CLASS = YES_ERROR;
				CLANG_WARN_QUOTED_INCLUDE_IN_FRAMEWORK_HEADER = YES;
				CLANG_WARN_RANGE_LOOP_ANALYSIS = YES;
				CLANG_WARN_STRICT_PROTOTYPES = YES;
				CLANG_WARN_SUSPICIOUS_MOVE = YES;
				CLANG_WARN_UNGUARDED_AVAILABILITY = YES_AGGRESSIVE;
				CLANG_WARN_UNREACHABLE_CODE = YES;
				CLANG_WARN__DUPLICATE_METHOD_MATCH = YES;
				COPY_PHASE_STRIP = NO;
				DEBUG_INFORMATION_FORMAT = "dwarf-with-dsym";
				ENABLE_NS_ASSERTIONS = NO;
				ENABLE_STRICT_OBJC_MSGSEND = YES;
				GCC_C_LANGUAGE_STANDARD = gnu11;
				GCC_NO_COMMON_BLOCKS = YES;
				GCC_WARN_64_TO_32_BIT_CONVERSION = YES;
				GCC_WARN_ABOUT_RETURN_TYPE = YES_ERROR;
				GCC_WARN_UNDECLARED_SELECTOR = YES;
				GCC_WARN_UNINITIALIZED_AUTOS = YES_AGGRESSIVE;
				GCC_WARN_UNUSED_FUNCTION = YES;
				GCC_WARN_UNUSED_VARIABLE = YES;
				IPHONEOS_DEPLOYMENT_TARGET = 15.5;
				MTL_ENABLE_DEBUG_INFO = NO;
				MTL_FAST_MATH = YES;
				SDKROOT = iphoneos;
				SWIFT_COMPILATION_MODE = wholemodule;
				SWIFT_OPTIMIZATION_LEVEL = "-O";
				VALIDATE_PRODUCT = YES;
			};
			name = Release;
		};
		4BA8EBDF28B96F8400249366 /* Debug */ = {
			isa = XCBuildConfiguration;
			buildSettings = {
				ASSETCATALOG_COMPILER_APPICON_NAME = AppIcon;
				ASSETCATALOG_COMPILER_GLOBAL_ACCENT_COLOR_NAME = AccentColor;
				CODE_SIGN_STYLE = Automatic;
				CURRENT_PROJECT_VERSION = 1;
				GENERATE_INFOPLIST_FILE = YES;
				INFOPLIST_FILE = "Angelo-Alies-Unit-0/Info.plist";
				INFOPLIST_KEY_UIApplicationSupportsIndirectInputEvents = YES;
				INFOPLIST_KEY_UILaunchStoryboardName = LaunchScreen;
				INFOPLIST_KEY_UIMainStoryboardFile = Main;
				INFOPLIST_KEY_UISupportedInterfaceOrientations_iPad = "UIInterfaceOrientationPortrait UIInterfaceOrientationPortraitUpsideDown UIInterfaceOrientationLandscapeLeft UIInterfaceOrientationLandscapeRight";
				INFOPLIST_KEY_UISupportedInterfaceOrientations_iPhone = "UIInterfaceOrientationPortrait UIInterfaceOrientationLandscapeLeft UIInterfaceOrientationLandscapeRight";
				LD_RUNPATH_SEARCH_PATHS = (
					"$(inherited)",
					"@executable_path/Frameworks",
				);
				MARKETING_VERSION = 1.0;
				PRODUCT_BUNDLE_IDENTIFIER = "None.Angelo-Alies-Unit-0";
				PRODUCT_NAME = "$(TARGET_NAME)";
				SWIFT_EMIT_LOC_STRINGS = YES;
				SWIFT_VERSION = 5.0;
				TARGETED_DEVICE_FAMILY = "1,2";
			};
			name = Debug;
		};
		4BA8EBE028B96F8400249366 /* Release */ = {
			isa = XCBuildConfiguration;
			buildSettings = {
				ASSETCATALOG_COMPILER_APPICON_NAME = AppIcon;
				ASSETCATALOG_COMPILER_GLOBAL_ACCENT_COLOR_NAME = AccentColor;
				CODE_SIGN_STYLE = Automatic;
				CURRENT_PROJECT_VERSION = 1;
				GENERATE_INFOPLIST_FILE = YES;
				INFOPLIST_FILE = "Angelo-Alies-Unit-0/Info.plist";
				INFOPLIST_KEY_UIApplicationSupportsIndirectInputEvents = YES;
				INFOPLIST_KEY_UILaunchStoryboardName = LaunchScreen;
				INFOPLIST_KEY_UIMainStoryboardFile = Main;
				INFOPLIST_KEY_UISupportedInterfaceOrientations_iPad = "UIInterfaceOrientationPortrait UIInterfaceOrientationPortraitUpsideDown UIInterfaceOrientationLandscapeLeft UIInterfaceOrientationLandscapeRight";
				INFOPLIST_KEY_UISupportedInterfaceOrientations_iPhone = "UIInterfaceOrientationPortrait UIInterfaceOrientationLandscapeLeft UIInterfaceOrientationLandscapeRight";
				LD_RUNPATH_SEARCH_PATHS = (
					"$(inherited)",
					"@executable_path/Frameworks",
				);
				MARKETING_VERSION = 1.0;
				PRODUCT_BUNDLE_IDENTIFIER = "None.Angelo-Alies-Unit-0";
				PRODUCT_NAME = "$(TARGET_NAME)";
				SWIFT_EMIT_LOC_STRINGS = YES;
				SWIFT_VERSION = 5.0;
				TARGETED_DEVICE_FAMILY = "1,2";
			};
			name = Release;
		};
		4BA8EBE228B96F8400249366 /* Debug */ = {
			isa = XCBuildConfiguration;
			buildSettings = {
				ALWAYS_EMBED_SWIFT_STANDARD_LIBRARIES = YES;
				BUNDLE_LOADER = "$(TEST_HOST)";
				CODE_SIGN_STYLE = Automatic;
				CURRENT_PROJECT_VERSION = 1;
				GENERATE_INFOPLIST_FILE = YES;
				IPHONEOS_DEPLOYMENT_TARGET = 15.5;
				MARKETING_VERSION = 1.0;
				PRODUCT_BUNDLE_IDENTIFIER = "None.Angelo-Alies-Unit-0Tests";
				PRODUCT_NAME = "$(TARGET_NAME)";
				SWIFT_EMIT_LOC_STRINGS = NO;
				SWIFT_VERSION = 5.0;
				TARGETED_DEVICE_FAMILY = "1,2";
				TEST_HOST = "$(BUILT_PRODUCTS_DIR)/Angelo-Alies-Unit-0.app/Angelo-Alies-Unit-0";
			};
			name = Debug;
		};
		4BA8EBE328B96F8400249366 /* Release */ = {
			isa = XCBuildConfiguration;
			buildSettings = {
				ALWAYS_EMBED_SWIFT_STANDARD_LIBRARIES = YES;
				BUNDLE_LOADER = "$(TEST_HOST)";
				CODE_SIGN_STYLE = Automatic;
				CURRENT_PROJECT_VERSION = 1;
				GENERATE_INFOPLIST_FILE = YES;
				IPHONEOS_DEPLOYMENT_TARGET = 15.5;
				MARKETING_VERSION = 1.0;
				PRODUCT_BUNDLE_IDENTIFIER = "None.Angelo-Alies-Unit-0Tests";
				PRODUCT_NAME = "$(TARGET_NAME)";
				SWIFT_EMIT_LOC_STRINGS = NO;
				SWIFT_VERSION = 5.0;
				TARGETED_DEVICE_FAMILY = "1,2";
				TEST_HOST = "$(BUILT_PRODUCTS_DIR)/Angelo-Alies-Unit-0.app/Angelo-Alies-Unit-0";
			};
			name = Release;
		};
		4BA8EBE528B96F8400249366 /* Debug */ = {
			isa = XCBuildConfiguration;
			buildSettings = {
				ALWAYS_EMBED_SWIFT_STANDARD_LIBRARIES = YES;
				CODE_SIGN_STYLE = Automatic;
				CURRENT_PROJECT_VERSION = 1;
				GENERATE_INFOPLIST_FILE = YES;
				MARKETING_VERSION = 1.0;
				PRODUCT_BUNDLE_IDENTIFIER = "None.Angelo-Alies-Unit-0UITests";
				PRODUCT_NAME = "$(TARGET_NAME)";
				SWIFT_EMIT_LOC_STRINGS = NO;
				SWIFT_VERSION = 5.0;
				TARGETED_DEVICE_FAMILY = "1,2";
				TEST_TARGET_NAME = "Angelo-Alies-Unit-0";
			};
			name = Debug;
		};
		4BA8EBE628B96F8400249366 /* Release */ = {
			isa = XCBuildConfiguration;
			buildSettings = {
				ALWAYS_EMBED_SWIFT_STANDARD_LIBRARIES = YES;
				CODE_SIGN_STYLE = Automatic;
				CURRENT_PROJECT_VERSION = 1;
				GENERATE_INFOPLIST_FILE = YES;
				MARKETING_VERSION = 1.0;
				PRODUCT_BUNDLE_IDENTIFIER = "None.Angelo-Alies-Unit-0UITests";
				PRODUCT_NAME = "$(TARGET_NAME)";
				SWIFT_EMIT_LOC_STRINGS = NO;
				SWIFT_VERSION = 5.0;
				TARGETED_DEVICE_FAMILY = "1,2";
				TEST_TARGET_NAME = "Angelo-Alies-Unit-0";
			};
			name = Release;
		};
/* End XCBuildConfiguration section */

/* Begin XCConfigurationList section */
		4BA8EBAF28B96F8000249366 /* Build configuration list for PBXProject "Angelo-Alies-Unit-0" */ = {
			isa = XCConfigurationList;
			buildConfigurations = (
				4BA8EBDC28B96F8400249366 /* Debug */,
				4BA8EBDD28B96F8400249366 /* Release */,
			);
			defaultConfigurationIsVisible = 0;
			defaultConfigurationName = Release;
		};
		4BA8EBDE28B96F8400249366 /* Build configuration list for PBXNativeTarget "Angelo-Alies-Unit-0" */ = {
			isa = XCConfigurationList;
			buildConfigurations = (
				4BA8EBDF28B96F8400249366 /* Debug */,
				4BA8EBE028B96F8400249366 /* Release */,
			);
			defaultConfigurationIsVisible = 0;
			defaultConfigurationName = Release;
		};
		4BA8EBE128B96F8400249366 /* Build configuration list for PBXNativeTarget "Angelo-Alies-Unit-0Tests" */ = {
			isa = XCConfigurationList;
			buildConfigurations = (
				4BA8EBE228B96F8400249366 /* Debug */,
				4BA8EBE328B96F8400249366 /* Release */,
			);
			defaultConfigurationIsVisible = 0;
			defaultConfigurationName = Release;
		};
		4BA8EBE428B96F8400249366 /* Build configuration list for PBXNativeTarget "Angelo-Alies-Unit-0UITests" */ = {
			isa = XCConfigurationList;
			buildConfigurations = (
				4BA8EBE528B96F8400249366 /* Debug */,
				4BA8EBE628B96F8400249366 /* Release */,
			);
			defaultConfigurationIsVisible = 0;
			defaultConfigurationName = Release;
		};
/* End XCConfigurationList section */
	};
	rootObject = 4BA8EBAC28B96F8000249366 /* Project object */;
}
